Microsoft Visual Studio Solution File, Format Version 12.00
# Visual Studio Version 17
VisualStudioVersion = 17.5.2.0
MinimumVisualStudioVersion = 10.0.40219.1
Project("{FAE04EC0-301F-11D3-BF4B-00C04F79EFBC}") = "DehaAccountingMvc", "DehaAccountingMvc\DehaAccountingMvc.csproj", "{3E4156D1-8863-304B-FBDB-18ACA127846A}"
EndProject
Global
	GlobalSection(SolutionConfigurationPlatforms) = preSolution
		Debug|Any CPU = Debug|Any CPU
		Release|Any CPU = Release|Any CPU
	EndGlobalSection
	GlobalSection(ProjectConfigurationPlatforms) = postSolution
		{3E4156D1-8863-304B-FBDB-18ACA127846A}.Debug|Any CPU.ActiveCfg = Debug|Any CPU
		{3E4156D1-8863-304B-FBDB-18ACA127846A}.Debug|Any CPU.Build.0 = Debug|Any CPU
		{3E4156D1-8863-304B-FBDB-18ACA127846A}.Release|Any CPU.ActiveCfg = Release|Any CPU
		{3E4156D1-8863-304B-FBDB-18ACA127846A}.Release|Any CPU.Build.0 = Release|Any CPU
	EndGlobalSection
	GlobalSection(SolutionProperties) = preSolution
		HideSolutionNode = FALSE
	EndGlobalSection
	GlobalSection(ExtensibilityGlobals) = postSolution
		SolutionGuid = {446A974D-69D7-4815-AD71-D3160F136BF7}
	EndGlobalSection
EndGlobal
