Microsoft Visual Studio Solution File, Format Version 12.00
# Visual Studio Version 17
VisualStudioVersion = 17.5.2.0
MinimumVisualStudioVersion = 10.0.40219.1
Project("{FAE04EC0-301F-11D3-BF4B-00C04F79EFBC}") = "DehaAccountingMvc", "DehaAccountingMvc.csproj", "{5D43D638-9148-CB55-93BC-C6E3E5A3B429}"
EndProject
Global
	GlobalSection(SolutionConfigurationPlatforms) = preSolution
		Debug|Any CPU = Debug|Any CPU
		Release|Any CPU = Release|Any CPU
	EndGlobalSection
	GlobalSection(ProjectConfigurationPlatforms) = postSolution
		{5D43D638-9148-CB55-93BC-C6E3E5A3B429}.Debug|Any CPU.ActiveCfg = Debug|Any CPU
		{5D43D638-9148-CB55-93BC-C6E3E5A3B429}.Debug|Any CPU.Build.0 = Debug|Any CPU
		{5D43D638-9148-CB55-93BC-C6E3E5A3B429}.Release|Any CPU.ActiveCfg = Release|Any CPU
		{5D43D638-9148-CB55-93BC-C6E3E5A3B429}.Release|Any CPU.Build.0 = Release|Any CPU
	EndGlobalSection
	GlobalSection(SolutionProperties) = preSolution
		HideSolutionNode = FALSE
	EndGlobalSection
	GlobalSection(ExtensibilityGlobals) = postSolution
		SolutionGuid = {A6CFF1D4-3154-45A8-9A68-61CCFB4682A5}
	EndGlobalSection
EndGlobal
